{
  "originHash" : "9e795a4a0fcbaca9a04a391330252e00de549c2fb1beb08a2590a5e39d547b53",
  "pins" : [
    {
      "identity" : "mpvkit",
      "kind" : "remoteSourceControl",
      "location" : "https://github.com/wunax/MPVKit",
      "state" : {
        "revision" : "5e10c5a69e0fd94043087ef28fa24addf603f41e",
        "version" : "0.41.2"
      }
    }
  ],
  "version" : 3
}
